
Microsoft Visual Studio Solution File, Format Version 12.00
# Visual Studio Version 17
VisualStudioVersion = 17.9.34728.123
MinimumVisualStudioVersion = 10.0.40219.1
Project("{9A19103F-16F7-4668-BE54-9A1E7A4F7556}") = "Ste4_Layout추가", "Ste4_Layout추가.csproj", "{9D788523-5FF2-4331-973D-7EAC22DC9E66}"
EndProject
Project("{FAE04EC0-301F-11D3-BF4B-00C04F79EFBC}") = "Step5_Control", "..\Step5_Control\Step5_Control.csproj", "{511BA4CD-A9B6-43EE-9B1E-3F0492B58EA5}"
EndProject
Global
	GlobalSection(SolutionConfigurationPlatforms) = preSolution
		Debug|Any CPU = Debug|Any CPU
		Release|Any CPU = Release|Any CPU
	EndGlobalSection
	GlobalSection(ProjectConfigurationPlatforms) = postSolution
		{9D788523-5FF2-4331-973D-7EAC22DC9E66}.Debug|Any CPU.ActiveCfg = Debug|Any CPU
		{9D788523-5FF2-4331-973D-7EAC22DC9E66}.Debug|Any CPU.Build.0 = Debug|Any CPU
		{9D788523-5FF2-4331-973D-7EAC22DC9E66}.Release|Any CPU.ActiveCfg = Release|Any CPU
		{9D788523-5FF2-4331-973D-7EAC22DC9E66}.Release|Any CPU.Build.0 = Release|Any CPU
		{511BA4CD-A9B6-43EE-9B1E-3F0492B58EA5}.Debug|Any CPU.ActiveCfg = Debug|Any CPU
		{511BA4CD-A9B6-43EE-9B1E-3F0492B58EA5}.Debug|Any CPU.Build.0 = Debug|Any CPU
		{511BA4CD-A9B6-43EE-9B1E-3F0492B58EA5}.Release|Any CPU.ActiveCfg = Release|Any CPU
		{511BA4CD-A9B6-43EE-9B1E-3F0492B58EA5}.Release|Any CPU.Build.0 = Release|Any CPU
	EndGlobalSection
	GlobalSection(SolutionProperties) = preSolution
		HideSolutionNode = FALSE
	EndGlobalSection
	GlobalSection(ExtensibilityGlobals) = postSolution
		SolutionGuid = {9FDCE37F-0678-4A6E-809B-3AC76ABBC1E9}
	EndGlobalSection
EndGlobal
